
Microsoft Visual Studio Solution File, Format Version 12.00
# Visual Studio Version 16
VisualStudioVersion = 16.0.30114.105
MinimumVisualStudioVersion = 10.0.40219.1
Project("{FAE04EC0-301F-11D3-BF4B-00C04F79EFBC}") = "CardTracker.Data", "Data\CardTracker.Data.csproj", "{C5B241C8-CF1B-4C55-8B9F-B911A2FF3F8A}"
EndProject
Project("{FAE04EC0-301F-11D3-BF4B-00C04F79EFBC}") = "CardTracker.Test", "Test\CardTracker.Test.csproj", "{24684754-F07A-4973-BE56-CBB21D9EE680}"
EndProject
Global
	GlobalSection(SolutionConfigurationPlatforms) = preSolution
		Debug|Any CPU = Debug|Any CPU
		Release|Any CPU = Release|Any CPU
	EndGlobalSection
	GlobalSection(SolutionProperties) = preSolution
		HideSolutionNode = FALSE
	EndGlobalSection
	GlobalSection(ProjectConfigurationPlatforms) = postSolution
		{C5B241C8-CF1B-4C55-8B9F-B911A2FF3F8A}.Debug|Any CPU.ActiveCfg = Debug|Any CPU
		{C5B241C8-CF1B-4C55-8B9F-B911A2FF3F8A}.Debug|Any CPU.Build.0 = Debug|Any CPU
		{C5B241C8-CF1B-4C55-8B9F-B911A2FF3F8A}.Release|Any CPU.ActiveCfg = Release|Any CPU
		{C5B241C8-CF1B-4C55-8B9F-B911A2FF3F8A}.Release|Any CPU.Build.0 = Release|Any CPU
		{24684754-F07A-4973-BE56-CBB21D9EE680}.Debug|Any CPU.ActiveCfg = Debug|Any CPU
		{24684754-F07A-4973-BE56-CBB21D9EE680}.Debug|Any CPU.Build.0 = Debug|Any CPU
		{24684754-F07A-4973-BE56-CBB21D9EE680}.Release|Any CPU.ActiveCfg = Release|Any CPU
		{24684754-F07A-4973-BE56-CBB21D9EE680}.Release|Any CPU.Build.0 = Release|Any CPU
	EndGlobalSection
EndGlobal
